
Microsoft Visual Studio Solution File, Format Version 12.00
# Visual Studio Version 16
VisualStudioVersion = 16.0.32407.337
MinimumVisualStudioVersion = 10.0.40219.1
Project("{9A19103F-16F7-4668-BE54-9A1E7A4F7556}") = "ExtensionMethods", "ExtensionMethods\ExtensionMethods.csproj", "{EDEDF25F-4160-4E39-AC1D-83504025A68A}"
EndProject
Project("{FAE04EC0-301F-11D3-BF4B-00C04F79EFBC}") = "ExtensionMethodsTest", "ExtensionMethodsTest\ExtensionMethodsTest.csproj", "{7F83BB4D-1ECB-4127-A6F0-398A246AE182}"
EndProject
Global
	GlobalSection(SolutionConfigurationPlatforms) = preSolution
		Debug|Any CPU = Debug|Any CPU
		Release|Any CPU = Release|Any CPU
	EndGlobalSection
	GlobalSection(ProjectConfigurationPlatforms) = postSolution
		{EDEDF25F-4160-4E39-AC1D-83504025A68A}.Debug|Any CPU.ActiveCfg = Debug|Any CPU
		{EDEDF25F-4160-4E39-AC1D-83504025A68A}.Debug|Any CPU.Build.0 = Debug|Any CPU
		{EDEDF25F-4160-4E39-AC1D-83504025A68A}.Release|Any CPU.ActiveCfg = Release|Any CPU
		{EDEDF25F-4160-4E39-AC1D-83504025A68A}.Release|Any CPU.Build.0 = Release|Any CPU
		{7F83BB4D-1ECB-4127-A6F0-398A246AE182}.Debug|Any CPU.ActiveCfg = Debug|Any CPU
		{7F83BB4D-1ECB-4127-A6F0-398A246AE182}.Debug|Any CPU.Build.0 = Debug|Any CPU
		{7F83BB4D-1ECB-4127-A6F0-398A246AE182}.Release|Any CPU.ActiveCfg = Release|Any CPU
		{7F83BB4D-1ECB-4127-A6F0-398A246AE182}.Release|Any CPU.Build.0 = Release|Any CPU
	EndGlobalSection
	GlobalSection(SolutionProperties) = preSolution
		HideSolutionNode = FALSE
	EndGlobalSection
	GlobalSection(ExtensibilityGlobals) = postSolution
		SolutionGuid = {32E2B0AB-4EB7-4407-811B-7A8EFE1C65B5}
	EndGlobalSection
EndGlobal
