
Microsoft Visual Studio Solution File, Format Version 12.00
# Visual Studio Version 16
VisualStudioVersion = 16.0.32002.261
MinimumVisualStudioVersion = 10.0.40219.1
Project("{FAE04EC0-301F-11D3-BF4B-00C04F79EFBC}") = "Qs1(a)", "Qs1(a)\Qs1(a).csproj", "{08A3DE63-D86C-48D6-A7B7-FD10680ECCAA}"
EndProject
Global
	GlobalSection(SolutionConfigurationPlatforms) = preSolution
		Debug|Any CPU = Debug|Any CPU
		Release|Any CPU = Release|Any CPU
	EndGlobalSection
	GlobalSection(ProjectConfigurationPlatforms) = postSolution
		{08A3DE63-D86C-48D6-A7B7-FD10680ECCAA}.Debug|Any CPU.ActiveCfg = Debug|Any CPU
		{08A3DE63-D86C-48D6-A7B7-FD10680ECCAA}.Debug|Any CPU.Build.0 = Debug|Any CPU
		{08A3DE63-D86C-48D6-A7B7-FD10680ECCAA}.Release|Any CPU.ActiveCfg = Release|Any CPU
		{08A3DE63-D86C-48D6-A7B7-FD10680ECCAA}.Release|Any CPU.Build.0 = Release|Any CPU
	EndGlobalSection
	GlobalSection(SolutionProperties) = preSolution
		HideSolutionNode = FALSE
	EndGlobalSection
	GlobalSection(ExtensibilityGlobals) = postSolution
		SolutionGuid = {AE3660CF-12A7-4441-818B-6EE19E61662E}
	EndGlobalSection
EndGlobal
