
Microsoft Visual Studio Solution File, Format Version 12.00
# Visual Studio Version 16
VisualStudioVersion = 16.0.32228.343
MinimumVisualStudioVersion = 10.0.40219.1
Project("{FAE04EC0-301F-11D3-BF4B-00C04F79EFBC}") = "EventsAndDelegates", "EventsAndDelegates\EventsAndDelegates.csproj", "{B32C123C-A5D8-40F3-9127-BADCE08E6796}"
EndProject
Global
	GlobalSection(SolutionConfigurationPlatforms) = preSolution
		Debug|Any CPU = Debug|Any CPU
		Release|Any CPU = Release|Any CPU
	EndGlobalSection
	GlobalSection(ProjectConfigurationPlatforms) = postSolution
		{B32C123C-A5D8-40F3-9127-BADCE08E6796}.Debug|Any CPU.ActiveCfg = Debug|Any CPU
		{B32C123C-A5D8-40F3-9127-BADCE08E6796}.Debug|Any CPU.Build.0 = Debug|Any CPU
		{B32C123C-A5D8-40F3-9127-BADCE08E6796}.Release|Any CPU.ActiveCfg = Release|Any CPU
		{B32C123C-A5D8-40F3-9127-BADCE08E6796}.Release|Any CPU.Build.0 = Release|Any CPU
	EndGlobalSection
	GlobalSection(SolutionProperties) = preSolution
		HideSolutionNode = FALSE
	EndGlobalSection
	GlobalSection(ExtensibilityGlobals) = postSolution
		SolutionGuid = {0C643FC2-3486-40A5-83EF-598258E3EF12}
	EndGlobalSection
EndGlobal
