
Microsoft Visual Studio Solution File, Format Version 12.00
# Visual Studio Version 16
VisualStudioVersion = 16.0.32407.337
MinimumVisualStudioVersion = 10.0.40219.1
Project("{FAE04EC0-301F-11D3-BF4B-00C04F79EFBC}") = "LINQ_Implementations", "LINQ_Implementations\LINQ_Implementations.csproj", "{C1BA0D77-0475-4665-965A-D998FEC01F5D}"
EndProject
Global
	GlobalSection(SolutionConfigurationPlatforms) = preSolution
		Debug|Any CPU = Debug|Any CPU
		Release|Any CPU = Release|Any CPU
	EndGlobalSection
	GlobalSection(ProjectConfigurationPlatforms) = postSolution
		{C1BA0D77-0475-4665-965A-D998FEC01F5D}.Debug|Any CPU.ActiveCfg = Debug|Any CPU
		{C1BA0D77-0475-4665-965A-D998FEC01F5D}.Debug|Any CPU.Build.0 = Debug|Any CPU
		{C1BA0D77-0475-4665-965A-D998FEC01F5D}.Release|Any CPU.ActiveCfg = Release|Any CPU
		{C1BA0D77-0475-4665-965A-D998FEC01F5D}.Release|Any CPU.Build.0 = Release|Any CPU
	EndGlobalSection
	GlobalSection(SolutionProperties) = preSolution
		HideSolutionNode = FALSE
	EndGlobalSection
	GlobalSection(ExtensibilityGlobals) = postSolution
		SolutionGuid = {A65792AB-0800-4A34-A112-9D9B3230559E}
	EndGlobalSection
EndGlobal
